// !$*UTF8*$!
{
	archiveVersion = 1;
	classes = {
	};
	objectVersion = 63;
	objects = {

/* Begin PBXBuildFile section */
		04A2D2DD506A157EE48D993A /* CameraView.swift in Sources */ = {isa = PBXBuildFile; fileRef = 5BDA3995F9F7E041A8834DA4 /* CameraView.swift */; };
		059670136824A20371923001 /* SwingSyncApp.swift in Sources */ = {isa = PBXBuildFile; fileRef = F8811E66F53D4D4C95590F5C /* SwingSyncApp.swift */; };
		48DFD99634A3CE1F8D80F52F /* PoseDetector.swift in Sources */ = {isa = PBXBuildFile; fileRef = 61547B50645602AC5C187FF0 /* PoseDetector.swift */; };
		4DDB71DD94F988901BE8B23A /* SkeletonOverlay.swift in Sources */ = {isa = PBXBuildFile; fileRef = 89F0B0B64D2EED08C3700598 /* SkeletonOverlay.swift */; };
		529F17F6DCAD5F0AF0F89175 /* pose_landmarker.task in Resources */ = {isa = PBXBuildFile; fileRef = BEDCE88AB7E458FCA22692FC /* pose_landmarker.task */; };
		5F3EF3ABD22C9CB66793C126 /* CameraService.swift in Sources */ = {isa = PBXBuildFile; fileRef = 08CC631867AED78A9A59A1AA /* CameraService.swift */; };
		62F7E663A6575EA398E4288A /* SwingSavedView.swift in Sources */ = {isa = PBXBuildFile; fileRef = 0F5B745B4F1CE045001E8CD9 /* SwingSavedView.swift */; };
		8E8565BF16EFD5DFEE6EC5D5 /* RingBuffer.swift in Sources */ = {isa = PBXBuildFile; fileRef = AE64024919714AD918897DE0 /* RingBuffer.swift */; };
		8EF0A862E9493C7806F17522 /* Pods_SwingSync.framework in Frameworks */ = {isa = PBXBuildFile; fileRef = BF18374E06D96FEFFFDB8F45 /* Pods_SwingSync.framework */; };
		93AE831C10E1E42EC09C2BEF /* SplashView.swift in Sources */ = {isa = PBXBuildFile; fileRef = 046508B56856F8F093EA4AB3 /* SplashView.swift */; };
		B22ED0D2B8038727174DBA15 /* Assets.xcassets in Resources */ = {isa = PBXBuildFile; fileRef = 12DD74347A3F363367E1D7C7 /* Assets.xcassets */; };
		BED0204DF91BFA3D1B97D6A0 /* SwingLogic.swift in Sources */ = {isa = PBXBuildFile; fileRef = 15AD2E77C400E25568173A27 /* SwingLogic.swift */; };
/* End PBXBuildFile section */

/* Begin PBXFileReference section */
		046508B56856F8F093EA4AB3 /* SplashView.swift */ = {isa = PBXFileReference; lastKnownFileType = sourcecode.swift; path = SplashView.swift; sourceTree = "<group>"; };
		08CC631867AED78A9A59A1AA /* CameraService.swift */ = {isa = PBXFileReference; lastKnownFileType = sourcecode.swift; path = CameraService.swift; sourceTree = "<group>"; };
		0F5B745B4F1CE045001E8CD9 /* SwingSavedView.swift */ = {isa = PBXFileReference; lastKnownFileType = sourcecode.swift; path = SwingSavedView.swift; sourceTree = "<group>"; };
		12DD74347A3F363367E1D7C7 /* Assets.xcassets */ = {isa = PBXFileReference; lastKnownFileType = folder.assetcatalog; path = Assets.xcassets; sourceTree = "<group>"; };
		15AD2E77C400E25568173A27 /* SwingLogic.swift */ = {isa = PBXFileReference; lastKnownFileType = sourcecode.swift; path = SwingLogic.swift; sourceTree = "<group>"; };
		1B4AD0FE5F39F71813C48093 /* SwingSync.app */ = {isa = PBXFileReference; explicitFileType = wrapper.application; includeInIndex = 0; path = SwingSync.app; sourceTree = BUILT_PRODUCTS_DIR; };
		5BDA3995F9F7E041A8834DA4 /* CameraView.swift */ = {isa = PBXFileReference; lastKnownFileType = sourcecode.swift; path = CameraView.swift; sourceTree = "<group>"; };
		6087D786BE9A1DC4F729E140 /* Pods-SwingSync.debug.xcconfig */ = {isa = PBXFileReference; includeInIndex = 1; lastKnownFileType = text.xcconfig; name = "Pods-SwingSync.debug.xcconfig"; path = "Target Support Files/Pods-SwingSync/Pods-SwingSync.debug.xcconfig"; sourceTree = "<group>"; };
		61547B50645602AC5C187FF0 /* PoseDetector.swift */ = {isa = PBXFileReference; lastKnownFileType = sourcecode.swift; path = PoseDetector.swift; sourceTree = "<group>"; };
		70096078A478D8CE57CDD615 /* Pods-SwingSync.release.xcconfig */ = {isa = PBXFileReference; includeInIndex = 1; lastKnownFileType = text.xcconfig; name = "Pods-SwingSync.release.xcconfig"; path = "Target Support Files/Pods-SwingSync/Pods-SwingSync.release.xcconfig"; sourceTree = "<group>"; };
		77C24C462FDB073DCBB1D1C0 /* Info.plist */ = {isa = PBXFileReference; lastKnownFileType = text.plist; path = Info.plist; sourceTree = "<group>"; };
		89F0B0B64D2EED08C3700598 /* SkeletonOverlay.swift */ = {isa = PBXFileReference; lastKnownFileType = sourcecode.swift; path = SkeletonOverlay.swift; sourceTree = "<group>"; };
		AE64024919714AD918897DE0 /* RingBuffer.swift */ = {isa = PBXFileReference; lastKnownFileType = sourcecode.swift; path = RingBuffer.swift; sourceTree = "<group>"; };
		BEDCE88AB7E458FCA22692FC /* pose_landmarker.task */ = {isa = PBXFileReference; lastKnownFileType = file; path = pose_landmarker.task; sourceTree = "<group>"; };
		BF18374E06D96FEFFFDB8F45 /* Pods_SwingSync.framework */ = {isa = PBXFileReference; explicitFileType = wrapper.framework; includeInIndex = 0; path = Pods_SwingSync.framework; sourceTree = BUILT_PRODUCTS_DIR; };
		F8811E66F53D4D4C95590F5C /* SwingSyncApp.swift */ = {isa = PBXFileReference; lastKnownFileType = sourcecode.swift; path = SwingSyncApp.swift; sourceTree = "<group>"; };
/* End PBXFileReference section */

/* Begin PBXFrameworksBuildPhase section */
		F2DD4500593F3D32C3FA9993 /* Frameworks */ = {
			isa = PBXFrameworksBuildPhase;
			buildActionMask = 2147483647;
			files = (
				8EF0A862E9493C7806F17522 /* Pods_SwingSync.framework in Frameworks */,
			);
			runOnlyForDeploymentPostprocessing = 0;
		};
/* End PBXFrameworksBuildPhase section */

/* Begin PBXGroup section */
		1AB48A16E75FD667ABC6C1D0 /* Services */ = {
			isa = PBXGroup;
			children = (
				08CC631867AED78A9A59A1AA /* CameraService.swift */,
				AE64024919714AD918897DE0 /* RingBuffer.swift */,
				15AD2E77C400E25568173A27 /* SwingLogic.swift */,
			);
			path = Services;
			sourceTree = "<group>";
		};
		2D6B2EE7A5D08DFD8396FB1C /* Products */ = {
			isa = PBXGroup;
			children = (
				1B4AD0FE5F39F71813C48093 /* SwingSync.app */,
			);
			name = Products;
			sourceTree = "<group>";
		};
		387ED1603DBE14E992FDD92D /* Vision */ = {
			isa = PBXGroup;
			children = (
				61547B50645602AC5C187FF0 /* PoseDetector.swift */,
			);
			path = Vision;
			sourceTree = "<group>";
		};
		45FA64AF151134EB2BE6B695 /* Views */ = {
			isa = PBXGroup;
			children = (
				5BDA3995F9F7E041A8834DA4 /* CameraView.swift */,
				89F0B0B64D2EED08C3700598 /* SkeletonOverlay.swift */,
				046508B56856F8F093EA4AB3 /* SplashView.swift */,
				0F5B745B4F1CE045001E8CD9 /* SwingSavedView.swift */,
			);
			path = Views;
			sourceTree = "<group>";
		};
		795DD278BFC8CABF5924E89B /* Frameworks */ = {
			isa = PBXGroup;
			children = (
				BF18374E06D96FEFFFDB8F45 /* Pods_SwingSync.framework */,
			);
			name = Frameworks;
			sourceTree = "<group>";
		};
		D8FC3C1A096460FA4473B246 /* Pods */ = {
			isa = PBXGroup;
			children = (
				6087D786BE9A1DC4F729E140 /* Pods-SwingSync.debug.xcconfig */,
				70096078A478D8CE57CDD615 /* Pods-SwingSync.release.xcconfig */,
			);
			name = Pods;
			path = Pods;
			sourceTree = "<group>";
		};
		E3BD9253C18FF219E555BAF6 = {
			isa = PBXGroup;
			children = (
				E6F0536C354F9F720E5619FF /* SwingSync */,
				2D6B2EE7A5D08DFD8396FB1C /* Products */,
				D8FC3C1A096460FA4473B246 /* Pods */,
				795DD278BFC8CABF5924E89B /* Frameworks */,
			);
			sourceTree = "<group>";
		};
		E6F0536C354F9F720E5619FF /* SwingSync */ = {
			isa = PBXGroup;
			children = (
				12DD74347A3F363367E1D7C7 /* Assets.xcassets */,
				77C24C462FDB073DCBB1D1C0 /* Info.plist */,
				BEDCE88AB7E458FCA22692FC /* pose_landmarker.task */,
				F8811E66F53D4D4C95590F5C /* SwingSyncApp.swift */,
				1AB48A16E75FD667ABC6C1D0 /* Services */,
				45FA64AF151134EB2BE6B695 /* Views */,
				387ED1603DBE14E992FDD92D /* Vision */,
			);
			path = SwingSync;
			sourceTree = "<group>";
		};
/* End PBXGroup section */

/* Begin PBXNativeTarget section */
		F877FDFA00D09888E55540E8 /* SwingSync */ = {
			isa = PBXNativeTarget;
			buildConfigurationList = 055FB4CC2F8EB48705CED4FA /* Build configuration list for PBXNativeTarget "SwingSync" */;
			buildPhases = (
				E8624A5CFDB16A763A0AF916 /* [CP] Check Pods Manifest.lock */,
				BB1F22D152DE69F2D62FA11C /* Sources */,
				635BD00AA5B670B569D53AF9 /* Resources */,
				F2DD4500593F3D32C3FA9993 /* Frameworks */,
			);
			buildRules = (
			);
			dependencies = (
			);
			name = SwingSync;
			productName = SwingSync;
			productReference = 1B4AD0FE5F39F71813C48093 /* SwingSync.app */;
			productType = "com.apple.product-type.application";
		};
/* End PBXNativeTarget section */

/* Begin PBXProject section */
		AC342DF1BD22EC841016E383 /* Project object */ = {
			isa = PBXProject;
			attributes = {
				BuildIndependentTargetsInParallel = YES;
				LastUpgradeCheck = 1430;
			};
			buildConfigurationList = A314A8E9CB80FF108515D1B8 /* Build configuration list for PBXProject "SwingSync" */;
			compatibilityVersion = "Xcode 14.0";
			developmentRegion = en;
			hasScannedForEncodings = 0;
			knownRegions = (
				Base,
				en,
			);
			mainGroup = E3BD9253C18FF219E555BAF6;
			minimizedProjectReferenceProxies = 1;
			productRefGroup = 2D6B2EE7A5D08DFD8396FB1C /* Products */;
			projectDirPath = "";
			projectRoot = "";
			targets = (
				F877FDFA00D09888E55540E8 /* SwingSync */,
			);
		};
/* End PBXProject section */

/* Begin PBXResourcesBuildPhase section */
		635BD00AA5B670B569D53AF9 /* Resources */ = {
			isa = PBXResourcesBuildPhase;
			buildActionMask = 2147483647;
			files = (
				B22ED0D2B8038727174DBA15 /* Assets.xcassets in Resources */,
				529F17F6DCAD5F0AF0F89175 /* pose_landmarker.task in Resources */,
			);
			runOnlyForDeploymentPostprocessing = 0;
		};
/* End PBXResourcesBuildPhase section */

/* Begin PBXShellScriptBuildPhase section */
		E8624A5CFDB16A763A0AF916 /* [CP] Check Pods Manifest.lock */ = {
			isa = PBXShellScriptBuildPhase;
			buildActionMask = 2147483647;
			files = (
			);
			inputFileListPaths = (
			);
			inputPaths = (
				"${PODS_PODFILE_DIR_PATH}/Podfile.lock",
				"${PODS_ROOT}/Manifest.lock",
			);
			name = "[CP] Check Pods Manifest.lock";
			outputFileListPaths = (
			);
			outputPaths = (
				"$(DERIVED_FILE_DIR)/Pods-SwingSync-checkManifestLockResult.txt",
			);
			runOnlyForDeploymentPostprocessing = 0;
			shellPath = /bin/sh;
			shellScript = "diff \"${PODS_PODFILE_DIR_PATH}/Podfile.lock\" \"${PODS_ROOT}/Manifest.lock\" > /dev/null\nif [ $? != 0 ] ; then\n    # print error to STDERR\n    echo \"error: The sandbox is not in sync with the Podfile.lock. Run 'pod install' or update your CocoaPods installation.\" >&2\n    exit 1\nfi\n# This output is used by Xcode 'outputs' to avoid re-running this script phase.\necho \"SUCCESS\" > \"${SCRIPT_OUTPUT_FILE_0}\"\n";
			showEnvVarsInLog = 0;
		};
/* End PBXShellScriptBuildPhase section */

/* Begin PBXSourcesBuildPhase section */
		BB1F22D152DE69F2D62FA11C /* Sources */ = {
			isa = PBXSourcesBuildPhase;
			buildActionMask = 2147483647;
			files = (
				5F3EF3ABD22C9CB66793C126 /* CameraService.swift in Sources */,
				04A2D2DD506A157EE48D993A /* CameraView.swift in Sources */,
				48DFD99634A3CE1F8D80F52F /* PoseDetector.swift in Sources */,
				8E8565BF16EFD5DFEE6EC5D5 /* RingBuffer.swift in Sources */,
				4DDB71DD94F988901BE8B23A /* SkeletonOverlay.swift in Sources */,
				93AE831C10E1E42EC09C2BEF /* SplashView.swift in Sources */,
				BED0204DF91BFA3D1B97D6A0 /* SwingLogic.swift in Sources */,
				62F7E663A6575EA398E4288A /* SwingSavedView.swift in Sources */,
				059670136824A20371923001 /* SwingSyncApp.swift in Sources */,
			);
			runOnlyForDeploymentPostprocessing = 0;
		};
/* End PBXSourcesBuildPhase section */

/* Begin XCBuildConfiguration section */
		34C74792E5289DA51767E00E /* Release */ = {
			isa = XCBuildConfiguration;
			baseConfigurationReference = 70096078A478D8CE57CDD615 /* Pods-SwingSync.release.xcconfig */;
			buildSettings = {
				ASSETCATALOG_COMPILER_APPICON_NAME = AppIcon;
				CODE_SIGN_IDENTITY = "iPhone Developer";
				DEVELOPMENT_TEAM = 264GGXBU5X;
				INFOPLIST_FILE = SwingSync/Info.plist;
				IPHONEOS_DEPLOYMENT_TARGET = 17.0;
				LD_RUNPATH_SEARCH_PATHS = (
					"$(inherited)",
					"@executable_path/Frameworks",
				);
				PRODUCT_BUNDLE_IDENTIFIER = com.example.SwingSync;
				SDKROOT = iphoneos;
				TARGETED_DEVICE_FAMILY = "1,2";
			};
			name = Release;
		};
		C483BCBC354B6EA56901750F /* Debug */ = {
			isa = XCBuildConfiguration;
			baseConfigurationReference = 6087D786BE9A1DC4F729E140 /* Pods-SwingSync.debug.xcconfig */;
			buildSettings = {
				ASSETCATALOG_COMPILER_APPICON_NAME = AppIcon;
				CODE_SIGN_IDENTITY = "iPhone Developer";
				DEVELOPMENT_TEAM = 264GGXBU5X;
				INFOPLIST_FILE = SwingSync/Info.plist;
				IPHONEOS_DEPLOYMENT_TARGET = 17.0;
				LD_RUNPATH_SEARCH_PATHS = (
					"$(inherited)",
					"@executable_path/Frameworks",
				);
				PRODUCT_BUNDLE_IDENTIFIER = com.example.SwingSync;
				SDKROOT = iphoneos;
				TARGETED_DEVICE_FAMILY = "1,2";
			};
			name = Debug;
		};
		DD0EB740FD08DF820811FCB3 /* Release */ = {
			isa = XCBuildConfiguration;
			buildSettings = {
				ALWAYS_SEARCH_USER_PATHS = NO;
				CLANG_ANALYZER_NONNULL = YES;
				CLANG_ANALYZER_NUMBER_OBJECT_CONVERSION = YES_AGGRESSIVE;
				CLANG_CXX_LANGUAGE_STANDARD = "gnu++14";
				CLANG_CXX_LIBRARY = "libc++";
				CLANG_ENABLE_MODULES = YES;
				CLANG_ENABLE_OBJC_ARC = YES;
				CLANG_ENABLE_OBJC_WEAK = YES;
				CLANG_WARN_BLOCK_CAPTURE_AUTORELEASING = YES;
				CLANG_WARN_BOOL_CONVERSION = YES;
				CLANG_WARN_COMMA = YES;
				CLANG_WARN_CONSTANT_CONVERSION = YES;
				CLANG_WARN_DEPRECATED_OBJC_IMPLEMENTATIONS = YES;
				CLANG_WARN_DIRECT_OBJC_ISA_USAGE = YES_ERROR;
				CLANG_WARN_DOCUMENTATION_COMMENTS = YES;
				CLANG_WARN_EMPTY_BODY = YES;
				CLANG_WARN_ENUM_CONVERSION = YES;
				CLANG_WARN_INFINITE_RECURSION = YES;
				CLANG_WARN_INT_CONVERSION = YES;
				CLANG_WARN_NON_LITERAL_NULL_CONVERSION = YES;
				CLANG_WARN_OBJC_IMPLICIT_RETAIN_SELF = YES;
				CLANG_WARN_OBJC_LITERAL_CONVERSION = YES;
				CLANG_WARN_OBJC_ROOT_CLASS = YES_ERROR;
				CLANG_WARN_QUOTED_INCLUDE_IN_FRAMEWORK_HEADER = YES;
				CLANG_WARN_RANGE_LOOP_ANALYSIS = YES;
				CLANG_WARN_STRICT_PROTOTYPES = YES;
				CLANG_WARN_SUSPICIOUS_MOVE = YES;
				CLANG_WARN_UNGUARDED_AVAILABILITY = YES_AGGRESSIVE;
				CLANG_WARN_UNREACHABLE_CODE = YES;
				CLANG_WARN__DUPLICATE_METHOD_MATCH = YES;
				COPY_PHASE_STRIP = NO;
				DEBUG_INFORMATION_FORMAT = "dwarf-with-dsym";
				ENABLE_NS_ASSERTIONS = NO;
				ENABLE_STRICT_OBJC_MSGSEND = YES;
				GCC_C_LANGUAGE_STANDARD = gnu11;
				GCC_NO_COMMON_BLOCKS = YES;
				GCC_WARN_64_TO_32_BIT_CONVERSION = YES;
				GCC_WARN_ABOUT_RETURN_TYPE = YES_ERROR;
				GCC_WARN_UNDECLARED_SELECTOR = YES;
				GCC_WARN_UNINITIALIZED_AUTOS = YES_AGGRESSIVE;
				GCC_WARN_UNUSED_FUNCTION = YES;
				GCC_WARN_UNUSED_VARIABLE = YES;
				MTL_ENABLE_DEBUG_INFO = NO;
				MTL_FAST_MATH = YES;
				PRODUCT_NAME = "$(TARGET_NAME)";
				SDKROOT = iphoneos;
				SWIFT_COMPILATION_MODE = wholemodule;
				SWIFT_OPTIMIZATION_LEVEL = "-O";
				SWIFT_VERSION = 5.0;
			};
			name = Release;
		};
		F3020E6D51334D38473F064C /* Debug */ = {
			isa = XCBuildConfiguration;
			buildSettings = {
				ALWAYS_SEARCH_USER_PATHS = NO;
				CLANG_ANALYZER_NONNULL = YES;
				CLANG_ANALYZER_NUMBER_OBJECT_CONVERSION = YES_AGGRESSIVE;
				CLANG_CXX_LANGUAGE_STANDARD = "gnu++14";
				CLANG_CXX_LIBRARY = "libc++";
				CLANG_ENABLE_MODULES = YES;
				CLANG_ENABLE_OBJC_ARC = YES;
				CLANG_ENABLE_OBJC_WEAK = YES;
				CLANG_WARN_BLOCK_CAPTURE_AUTORELEASING = YES;
				CLANG_WARN_BOOL_CONVERSION = YES;
				CLANG_WARN_COMMA = YES;
				CLANG_WARN_CONSTANT_CONVERSION = YES;
				CLANG_WARN_DEPRECATED_OBJC_IMPLEMENTATIONS = YES;
				CLANG_WARN_DIRECT_OBJC_ISA_USAGE = YES_ERROR;
				CLANG_WARN_DOCUMENTATION_COMMENTS = YES;
				CLANG_WARN_EMPTY_BODY = YES;
				CLANG_WARN_ENUM_CONVERSION = YES;
				CLANG_WARN_INFINITE_RECURSION = YES;
				CLANG_WARN_INT_CONVERSION = YES;
				CLANG_WARN_NON_LITERAL_NULL_CONVERSION = YES;
				CLANG_WARN_OBJC_IMPLICIT_RETAIN_SELF = YES;
				CLANG_WARN_OBJC_LITERAL_CONVERSION = YES;
				CLANG_WARN_OBJC_ROOT_CLASS = YES_ERROR;
				CLANG_WARN_QUOTED_INCLUDE_IN_FRAMEWORK_HEADER = YES;
				CLANG_WARN_RANGE_LOOP_ANALYSIS = YES;
				CLANG_WARN_STRICT_PROTOTYPES = YES;
				CLANG_WARN_SUSPICIOUS_MOVE = YES;
				CLANG_WARN_UNGUARDED_AVAILABILITY = YES_AGGRESSIVE;
				CLANG_WARN_UNREACHABLE_CODE = YES;
				CLANG_WARN__DUPLICATE_METHOD_MATCH = YES;
				COPY_PHASE_STRIP = NO;
				DEBUG_INFORMATION_FORMAT = dwarf;
				ENABLE_STRICT_OBJC_MSGSEND = YES;
				ENABLE_TESTABILITY = YES;
				GCC_C_LANGUAGE_STANDARD = gnu11;
				GCC_DYNAMIC_NO_PIC = NO;
				GCC_NO_COMMON_BLOCKS = YES;
				GCC_OPTIMIZATION_LEVEL = 0;
				GCC_PREPROCESSOR_DEFINITIONS = (
					"$(inherited)",
					"DEBUG=1",
				);
				GCC_WARN_64_TO_32_BIT_CONVERSION = YES;
				GCC_WARN_ABOUT_RETURN_TYPE = YES_ERROR;
				GCC_WARN_UNDECLARED_SELECTOR = YES;
				GCC_WARN_UNINITIALIZED_AUTOS = YES_AGGRESSIVE;
				GCC_WARN_UNUSED_FUNCTION = YES;
				GCC_WARN_UNUSED_VARIABLE = YES;
				MTL_ENABLE_DEBUG_INFO = INCLUDE_SOURCE;
				MTL_FAST_MATH = YES;
				ONLY_ACTIVE_ARCH = YES;
				PRODUCT_NAME = "$(TARGET_NAME)";
				SDKROOT = iphoneos;
				SWIFT_ACTIVE_COMPILATION_CONDITIONS = DEBUG;
				SWIFT_OPTIMIZATION_LEVEL = "-Onone";
				SWIFT_VERSION = 5.0;
			};
			name = Debug;
		};
/* End XCBuildConfiguration section */

/* Begin XCConfigurationList section */
		055FB4CC2F8EB48705CED4FA /* Build configuration list for PBXNativeTarget "SwingSync" */ = {
			isa = XCConfigurationList;
			buildConfigurations = (
				C483BCBC354B6EA56901750F /* Debug */,
				34C74792E5289DA51767E00E /* Release */,
			);
			defaultConfigurationIsVisible = 0;
			defaultConfigurationName = Debug;
		};
		A314A8E9CB80FF108515D1B8 /* Build configuration list for PBXProject "SwingSync" */ = {
			isa = XCConfigurationList;
			buildConfigurations = (
				F3020E6D51334D38473F064C /* Debug */,
				DD0EB740FD08DF820811FCB3 /* Release */,
			);
			defaultConfigurationIsVisible = 0;
			defaultConfigurationName = Debug;
		};
/* End XCConfigurationList section */
	};
	rootObject = AC342DF1BD22EC841016E383 /* Project object */;
}
